
Microsoft Visual Studio Solution File, Format Version 12.00
# Visual Studio Version 17
VisualStudioVersion = 17.12.35527.113
MinimumVisualStudioVersion = 10.0.40219.1
Project("{2150E333-8FDC-42A3-9474-1A3956D46DE8}") = "services", "services", "{6AE9EBB2-48A2-4DA9-A3CB-76718EDAC07C}"
EndProject
Project("{FAE04EC0-301F-11D3-BF4B-00C04F79EFBC}") = "JobsServices", "JobsServices\JobsServices.csproj", "{7669BA25-7464-4778-BCF6-2F97DEC67B54}"
EndProject
Global
	GlobalSection(SolutionConfigurationPlatforms) = preSolution
		Debug|Any CPU = Debug|Any CPU
		Release|Any CPU = Release|Any CPU
	EndGlobalSection
	GlobalSection(ProjectConfigurationPlatforms) = postSolution
		{7669BA25-7464-4778-BCF6-2F97DEC67B54}.Debug|Any CPU.ActiveCfg = Debug|Any CPU
		{7669BA25-7464-4778-BCF6-2F97DEC67B54}.Debug|Any CPU.Build.0 = Debug|Any CPU
		{7669BA25-7464-4778-BCF6-2F97DEC67B54}.Release|Any CPU.ActiveCfg = Release|Any CPU
		{7669BA25-7464-4778-BCF6-2F97DEC67B54}.Release|Any CPU.Build.0 = Release|Any CPU
	EndGlobalSection
	GlobalSection(SolutionProperties) = preSolution
		HideSolutionNode = FALSE
	EndGlobalSection
	GlobalSection(NestedProjects) = preSolution
		{7669BA25-7464-4778-BCF6-2F97DEC67B54} = {6AE9EBB2-48A2-4DA9-A3CB-76718EDAC07C}
	EndGlobalSection
EndGlobal
